{
  "name": "sdpPocketpal",
  "lockfileVersion": 3,
  "requires": true,
  "packages": {
    "": {
      "dependencies": {
        "pdfbox": "^0.1.0"
      }
    },
    "node_modules/pdfbox": {
      "version": "0.1.0",
      "resolved": "https://registry.npmjs.org/pdfbox/-/pdfbox-0.1.0.tgz",
      "integrity": "sha512-Y/FvPjWsqwoLrmJ0epHd2rYm51d9VRsi/vABveghMRGmu8GA7UnIdQEwm9i4xfmRuhPslV/Y6jBvlqlxCUZ5Zw=="
    }
  }
}
